
Microsoft Visual Studio Solution File, Format Version 12.00
# Visual Studio 15
VisualStudioVersion = 15.0.27428.2027
MinimumVisualStudioVersion = 10.0.40219.1
Project("{FAE04EC0-301F-11D3-BF4B-00C04F79EFBC}") = "Library.WebApplication", "Library.WebApplication\Library.WebApplication.csproj", "{688F8DC7-BC76-47CF-B8DC-1BFDC0987771}"
EndProject
Global
	GlobalSection(SolutionConfigurationPlatforms) = preSolution
		Debug|Any CPU = Debug|Any CPU
		Release|Any CPU = Release|Any CPU
	EndGlobalSection
	GlobalSection(ProjectConfigurationPlatforms) = postSolution
		{688F8DC7-BC76-47CF-B8DC-1BFDC0987771}.Debug|Any CPU.ActiveCfg = Debug|Any CPU
		{688F8DC7-BC76-47CF-B8DC-1BFDC0987771}.Debug|Any CPU.Build.0 = Debug|Any CPU
		{688F8DC7-BC76-47CF-B8DC-1BFDC0987771}.Release|Any CPU.ActiveCfg = Release|Any CPU
		{688F8DC7-BC76-47CF-B8DC-1BFDC0987771}.Release|Any CPU.Build.0 = Release|Any CPU
	EndGlobalSection
	GlobalSection(SolutionProperties) = preSolution
		HideSolutionNode = FALSE
	EndGlobalSection
	GlobalSection(ExtensibilityGlobals) = postSolution
		SolutionGuid = {873AAF41-988B-4BC8-B5F7-B22083DFC8EB}
	EndGlobalSection
EndGlobal
